
Microsoft Visual Studio Solution File, Format Version 12.00
# Visual Studio 15
VisualStudioVersion = 15.0.28307.779
MinimumVisualStudioVersion = 10.0.40219.1
Project("{FAE04EC0-301F-11D3-BF4B-00C04F79EFBC}") = "Sandbox", "Sandbox\Sandbox.csproj", "{2945BE23-BC7E-4612-90BB-1922E8069E58}"
EndProject
Project("{FAE04EC0-301F-11D3-BF4B-00C04F79EFBC}") = "Sandbox.Core", "Sandbox.Core\Sandbox.Core.csproj", "{F529D814-BA68-4037-987F-9BB42E82FB95}"
EndProject
Project("{FAE04EC0-301F-11D3-BF4B-00C04F79EFBC}") = "Sandbox.Modules", "Sandbox.Modules\Sandbox.Modules.csproj", "{DE558A9E-DF06-49A6-B132-4FE5002A8FCC}"
EndProject
Global
	GlobalSection(SolutionConfigurationPlatforms) = preSolution
		Debug|Any CPU = Debug|Any CPU
		Release|Any CPU = Release|Any CPU
	EndGlobalSection
	GlobalSection(ProjectConfigurationPlatforms) = postSolution
		{2945BE23-BC7E-4612-90BB-1922E8069E58}.Debug|Any CPU.ActiveCfg = Debug|Any CPU
		{2945BE23-BC7E-4612-90BB-1922E8069E58}.Debug|Any CPU.Build.0 = Debug|Any CPU
		{2945BE23-BC7E-4612-90BB-1922E8069E58}.Release|Any CPU.ActiveCfg = Release|Any CPU
		{2945BE23-BC7E-4612-90BB-1922E8069E58}.Release|Any CPU.Build.0 = Release|Any CPU
		{F529D814-BA68-4037-987F-9BB42E82FB95}.Debug|Any CPU.ActiveCfg = Debug|Any CPU
		{F529D814-BA68-4037-987F-9BB42E82FB95}.Debug|Any CPU.Build.0 = Debug|Any CPU
		{F529D814-BA68-4037-987F-9BB42E82FB95}.Release|Any CPU.ActiveCfg = Release|Any CPU
		{F529D814-BA68-4037-987F-9BB42E82FB95}.Release|Any CPU.Build.0 = Release|Any CPU
		{DE558A9E-DF06-49A6-B132-4FE5002A8FCC}.Debug|Any CPU.ActiveCfg = Debug|Any CPU
		{DE558A9E-DF06-49A6-B132-4FE5002A8FCC}.Debug|Any CPU.Build.0 = Debug|Any CPU
		{DE558A9E-DF06-49A6-B132-4FE5002A8FCC}.Release|Any CPU.ActiveCfg = Release|Any CPU
		{DE558A9E-DF06-49A6-B132-4FE5002A8FCC}.Release|Any CPU.Build.0 = Release|Any CPU
	EndGlobalSection
	GlobalSection(SolutionProperties) = preSolution
		HideSolutionNode = FALSE
	EndGlobalSection
	GlobalSection(ExtensibilityGlobals) = postSolution
		SolutionGuid = {DE2D1345-AABF-4B13-A0DD-802A9BF4CF4D}
	EndGlobalSection
EndGlobal
